
Microsoft Visual Studio Solution File, Format Version 12.00
# Visual Studio Version 17
VisualStudioVersion = 17.5.33530.505
MinimumVisualStudioVersion = 10.0.40219.1
Project("{FAE04EC0-301F-11D3-BF4B-00C04F79EFBC}") = "Ex-01", "Test-01\Ex-01.csproj", "{C3A65CDD-96C9-4244-8F32-E22E3F651D62}"
EndProject
Project("{FAE04EC0-301F-11D3-BF4B-00C04F79EFBC}") = "Ex-02", "Ex-02\Ex-02.csproj", "{79B29AFC-A924-48AC-8CBF-0968B6878A5F}"
EndProject
Project("{FAE04EC0-301F-11D3-BF4B-00C04F79EFBC}") = "Ex-03", "Ex-03\Ex-03.csproj", "{2F32FC91-6EC4-4993-8DD0-09C619E73E7C}"
EndProject
Project("{FAE04EC0-301F-11D3-BF4B-00C04F79EFBC}") = "Ex-04", "Ex-04\Ex-04.csproj", "{6285D56E-F6AA-4D88-B6D6-A6DE8137CDF0}"
EndProject
Project("{FAE04EC0-301F-11D3-BF4B-00C04F79EFBC}") = "Ex-05", "Ex-05\Ex-05.csproj", "{54CF916A-CA4F-4E34-B5BC-7D63EE754989}"
EndProject
Project("{FAE04EC0-301F-11D3-BF4B-00C04F79EFBC}") = "Ex-06", "Ex-06\Ex-06.csproj", "{E96D17FC-03FC-41C5-8269-2F4BD293CCE3}"
EndProject
Project("{FAE04EC0-301F-11D3-BF4B-00C04F79EFBC}") = "Ex-07", "Ex-07\Ex-07.csproj", "{AA293DF9-5736-4F59-ABBB-B16B7432E14D}"
EndProject
Project("{FAE04EC0-301F-11D3-BF4B-00C04F79EFBC}") = "Ex-08", "Ex-08\Ex-08.csproj", "{5C246D0A-2032-4677-BB4F-5BF82B4C5671}"
EndProject
Project("{FAE04EC0-301F-11D3-BF4B-00C04F79EFBC}") = "Ex-09", "Ex-09\Ex-09.csproj", "{406D2869-32D8-466D-B23A-4E19D1A6DBBA}"
EndProject
Project("{FAE04EC0-301F-11D3-BF4B-00C04F79EFBC}") = "Ex-10", "Ex-10\Ex-10.csproj", "{94CE173C-3106-4C14-936E-EA6DFD5DE2A6}"
EndProject
Global
	GlobalSection(SolutionConfigurationPlatforms) = preSolution
		Debug|Any CPU = Debug|Any CPU
		Release|Any CPU = Release|Any CPU
	EndGlobalSection
	GlobalSection(ProjectConfigurationPlatforms) = postSolution
		{C3A65CDD-96C9-4244-8F32-E22E3F651D62}.Debug|Any CPU.ActiveCfg = Debug|Any CPU
		{C3A65CDD-96C9-4244-8F32-E22E3F651D62}.Debug|Any CPU.Build.0 = Debug|Any CPU
		{C3A65CDD-96C9-4244-8F32-E22E3F651D62}.Release|Any CPU.ActiveCfg = Release|Any CPU
		{C3A65CDD-96C9-4244-8F32-E22E3F651D62}.Release|Any CPU.Build.0 = Release|Any CPU
		{79B29AFC-A924-48AC-8CBF-0968B6878A5F}.Debug|Any CPU.ActiveCfg = Debug|Any CPU
		{79B29AFC-A924-48AC-8CBF-0968B6878A5F}.Debug|Any CPU.Build.0 = Debug|Any CPU
		{79B29AFC-A924-48AC-8CBF-0968B6878A5F}.Release|Any CPU.ActiveCfg = Release|Any CPU
		{79B29AFC-A924-48AC-8CBF-0968B6878A5F}.Release|Any CPU.Build.0 = Release|Any CPU
		{2F32FC91-6EC4-4993-8DD0-09C619E73E7C}.Debug|Any CPU.ActiveCfg = Debug|Any CPU
		{2F32FC91-6EC4-4993-8DD0-09C619E73E7C}.Debug|Any CPU.Build.0 = Debug|Any CPU
		{2F32FC91-6EC4-4993-8DD0-09C619E73E7C}.Release|Any CPU.ActiveCfg = Release|Any CPU
		{2F32FC91-6EC4-4993-8DD0-09C619E73E7C}.Release|Any CPU.Build.0 = Release|Any CPU
		{6285D56E-F6AA-4D88-B6D6-A6DE8137CDF0}.Debug|Any CPU.ActiveCfg = Debug|Any CPU
		{6285D56E-F6AA-4D88-B6D6-A6DE8137CDF0}.Debug|Any CPU.Build.0 = Debug|Any CPU
		{6285D56E-F6AA-4D88-B6D6-A6DE8137CDF0}.Release|Any CPU.ActiveCfg = Release|Any CPU
		{6285D56E-F6AA-4D88-B6D6-A6DE8137CDF0}.Release|Any CPU.Build.0 = Release|Any CPU
		{54CF916A-CA4F-4E34-B5BC-7D63EE754989}.Debug|Any CPU.ActiveCfg = Debug|Any CPU
		{54CF916A-CA4F-4E34-B5BC-7D63EE754989}.Debug|Any CPU.Build.0 = Debug|Any CPU
		{54CF916A-CA4F-4E34-B5BC-7D63EE754989}.Release|Any CPU.ActiveCfg = Release|Any CPU
		{54CF916A-CA4F-4E34-B5BC-7D63EE754989}.Release|Any CPU.Build.0 = Release|Any CPU
		{E96D17FC-03FC-41C5-8269-2F4BD293CCE3}.Debug|Any CPU.ActiveCfg = Debug|Any CPU
		{E96D17FC-03FC-41C5-8269-2F4BD293CCE3}.Debug|Any CPU.Build.0 = Debug|Any CPU
		{E96D17FC-03FC-41C5-8269-2F4BD293CCE3}.Release|Any CPU.ActiveCfg = Release|Any CPU
		{E96D17FC-03FC-41C5-8269-2F4BD293CCE3}.Release|Any CPU.Build.0 = Release|Any CPU
		{AA293DF9-5736-4F59-ABBB-B16B7432E14D}.Debug|Any CPU.ActiveCfg = Debug|Any CPU
		{AA293DF9-5736-4F59-ABBB-B16B7432E14D}.Debug|Any CPU.Build.0 = Debug|Any CPU
		{AA293DF9-5736-4F59-ABBB-B16B7432E14D}.Release|Any CPU.ActiveCfg = Release|Any CPU
		{AA293DF9-5736-4F59-ABBB-B16B7432E14D}.Release|Any CPU.Build.0 = Release|Any CPU
		{5C246D0A-2032-4677-BB4F-5BF82B4C5671}.Debug|Any CPU.ActiveCfg = Debug|Any CPU
		{5C246D0A-2032-4677-BB4F-5BF82B4C5671}.Debug|Any CPU.Build.0 = Debug|Any CPU
		{5C246D0A-2032-4677-BB4F-5BF82B4C5671}.Release|Any CPU.ActiveCfg = Release|Any CPU
		{5C246D0A-2032-4677-BB4F-5BF82B4C5671}.Release|Any CPU.Build.0 = Release|Any CPU
		{406D2869-32D8-466D-B23A-4E19D1A6DBBA}.Debug|Any CPU.ActiveCfg = Debug|Any CPU
		{406D2869-32D8-466D-B23A-4E19D1A6DBBA}.Debug|Any CPU.Build.0 = Debug|Any CPU
		{406D2869-32D8-466D-B23A-4E19D1A6DBBA}.Release|Any CPU.ActiveCfg = Release|Any CPU
		{406D2869-32D8-466D-B23A-4E19D1A6DBBA}.Release|Any CPU.Build.0 = Release|Any CPU
		{94CE173C-3106-4C14-936E-EA6DFD5DE2A6}.Debug|Any CPU.ActiveCfg = Debug|Any CPU
		{94CE173C-3106-4C14-936E-EA6DFD5DE2A6}.Debug|Any CPU.Build.0 = Debug|Any CPU
		{94CE173C-3106-4C14-936E-EA6DFD5DE2A6}.Release|Any CPU.ActiveCfg = Release|Any CPU
		{94CE173C-3106-4C14-936E-EA6DFD5DE2A6}.Release|Any CPU.Build.0 = Release|Any CPU
	EndGlobalSection
	GlobalSection(SolutionProperties) = preSolution
		HideSolutionNode = FALSE
	EndGlobalSection
	GlobalSection(ExtensibilityGlobals) = postSolution
		SolutionGuid = {5E479388-3F50-4400-92F4-353726221D76}
	EndGlobalSection
EndGlobal
